
Microsoft Visual Studio Solution File, Format Version 12.00
# Visual Studio Version 17
VisualStudioVersion = 17.13.35825.156 d17.13
MinimumVisualStudioVersion = 10.0.40219.1
Project("{FAE04EC0-301F-11D3-BF4B-00C04F79EFBC}") = "Backend.Api", "Backend.Api\Backend.Api.csproj", "{0710E0C3-0201-474D-88F6-9CC5C4541888}"
EndProject
Global
	GlobalSection(SolutionConfigurationPlatforms) = preSolution
		Debug|Any CPU = Debug|Any CPU
		Release|Any CPU = Release|Any CPU
	EndGlobalSection
	GlobalSection(ProjectConfigurationPlatforms) = postSolution
		{0710E0C3-0201-474D-88F6-9CC5C4541888}.Debug|Any CPU.ActiveCfg = Debug|Any CPU
		{0710E0C3-0201-474D-88F6-9CC5C4541888}.Debug|Any CPU.Build.0 = Debug|Any CPU
		{0710E0C3-0201-474D-88F6-9CC5C4541888}.Release|Any CPU.ActiveCfg = Release|Any CPU
		{0710E0C3-0201-474D-88F6-9CC5C4541888}.Release|Any CPU.Build.0 = Release|Any CPU
	EndGlobalSection
	GlobalSection(SolutionProperties) = preSolution
		HideSolutionNode = FALSE
	EndGlobalSection
	GlobalSection(ExtensibilityGlobals) = postSolution
		SolutionGuid = {6B8E86CE-FE2B-4ED3-996C-0FDA46CE0DC9}
	EndGlobalSection
EndGlobal
